github.com/a1div0/dbman v1.0.0 h1:QB0sqQIwTQ0Faf6Lo4DaWhBMRJIsX5pqdJitXCo/XtM=
github.com/a1div0/dbman v1.0.0/go.mod h1:3zhRzZEGwNbfFMduwUbwQPEK17JC9eCHa9V69cN2hK8=
github.com/a1div0/dbman v1.0.1 h1:c6uJaS/al8AneBh2xEsc6Tu/rHzCM44z9oOQ933+Z6c=
github.com/a1div0/dbman v1.0.1/go.mod h1:3zhRzZEGwNbfFMduwUbwQPEK17JC9eCHa9V69cN2hK8=
github.com/a1div0/dbman v1.0.2 h1:Lb2hpgA31GfoT0I4UwcluIC3FdOxWgmcQ8C8o0lbeww=
github.com/a1div0/dbman v1.0.2/go.mod h1:3zhRzZEGwNbfFMduwUbwQPEK17JC9eCHa9V69cN2hK8=
github.com/a1div0/dbman v1.0.3 h1:NjzGWXJxqALx1bzpf7bco+HCgdJkJraHVL5zeZBp9qY=
github.com/a1div0/dbman v1.0.3/go.mod h1:3zhRzZEGwNbfFMduwUbwQPEK17JC9eCHa9V69cN2hK8=
github.com/a1div0/dbman v1.0.4 h1:ycAG2CQg5mbb3OV4G/TxAnOTQFvwB1JT7MdiUX5IzB4=
github.com/a1div0/dbman v1.0.4/go.mod h1:3zhRzZEGwNbfFMduwUbwQPEK17JC9eCHa9V69cN2hK8=
github.com/a1div0/dbman v1.0.5 h1:3XtsESqafOIll06mGa2g7DiwTsYz2NCvCBqoCKVXB2o=
github.com/a1div0/dbman v1.0.5/go.mod h1:3zhRzZEGwNbfFMduwUbwQPEK17JC9eCHa9V69cN2hK8=
github.com/a1div0/dbman v1.0.6 h1:gKQ3LzGC3wF5YybzJhdUJY9RZgBFK7Waiod5ZW22Dlo=
github.com/a1div0/dbman v1.0.6/go.mod h1:3zhRzZEGwNbfFMduwUbwQPEK17JC9eCHa9V69cN2hK8=
github.com/a1div0/oauth v1.0.1 h1:9ldEmZqQJf1DAHYSFpB1CQsBNUO7yOXIZnZtNFuLcXQ=
github.com/a1div0/oauth v1.0.1/go.mod h1:YHXsJA9bFAaxIXJgRla9jLQejnep3ZLIxZIneXZVNAE=
github.com/a1div0/oauth_github v1.0.0 h1:wuGg/ZTa6KMy121/C66tQCgHWFVHg1bg5rAbHoal/TE=
github.com/a1div0/oauth_github v1.0.0/go.mod h1:NJdQnj58l6ITHmh46kpyhJ28PM2szNDZo+ORWo3yuBw=
github.com/a1div0/oauth_google v1.0.0 h1:YijszswGkNpuPTiY0fyZvhbH23+HlQ9zzkT+yYf9+lk=
github.com/a1div0/oauth_google v1.0.0/go.mod h1:vathbdVeOG8W6FNPlCAyoVrnyqZ5q+YGm908Lv2NGfw=
github.com/a1div0/oauth_yandex v1.0.0 h1:5KPzZAImCbhl0IAVKE3OYiVBDl/Tbq/tkIDbAXbpTzE=
github.com/a1div0/oauth_yandex v1.0.0/go.mod h1:fNFUO+6UvKilW//pILJ0Kv+aBJynqW6FMTCliBAOS74=
github.com/a1div0/websrv v1.0.0 h1:LndTbcL2f26LavZpycNZjMaNZWGRESf3f4QBK7k6zpU=
github.com/a1div0/websrv v1.0.0/go.mod h1:mMO/i5A3KIh0li9W7ywcMbtSlAa7XtEbf6NRJvHT3jA=
github.com/denisenkom/go-mssqldb v0.0.0-20200206145737-bbfc9a55622e h1:LzwWXEScfcTu7vUZNlDDWDARoSGEtvlDKK2BYHowNeE=
github.com/denisenkom/go-mssqldb v0.0.0-20200206145737-bbfc9a55622e/go.mod h1:xbL0rPBG9cCiLr28tMa8zpbdarY27NDyej4t/EjAShU=
github.com/golang-sql/civil v0.0.0-20190719163853-cb61b32ac6fe h1:lXe2qZdvpiX5WZkZR4hgp4KJVfY3nMkvmwbVkpv1rVY=
github.com/golang-sql/civil v0.0.0-20190719163853-cb61b32ac6fe/go.mod h1:8vg3r2VgvsThLBIFL93Qb5yWzgyZWhEmBwUJWevAkK0=
github.com/yuin/goldmark v1.1.25/go.mod h1:3hX8gzYuyVAZsxl0MRgGTJEmQBFcNTphYh9decYSb74=
github.com/yuin/goldmark v1.1.26/go.mod h1:3hX8gzYuyVAZsxl0MRgGTJEmQBFcNTphYh9decYSb74=
golang.org/x/crypto v0.0.0-20190308221718-c2843e01d9a2/go.mod h1:djNgcEr1/C05ACkg1iLfiJU5Ep61QUkGW8qpdssI0+w=
golang.org/x/crypto v0.0.0-20190325154230-a5d413f7728c/go.mod h1:djNgcEr1/C05ACkg1iLfiJU5Ep61QUkGW8qpdssI0+w=
golang.org/x/crypto v0.0.0-20191011191535-87dc89f01550/go.mod h1:yigFU9vqHzYiE8UmvKecakEJjdnWj3jj499lnFckfCI=
golang.org/x/crypto v0.0.0-20200323165209-0ec3e9974c59 h1:3zb4D3T4G8jdExgVU/95+vQXfpEPiMdCaZgmGVxjNHM=
golang.org/x/crypto v0.0.0-20200323165209-0ec3e9974c59/go.mod h1:LzIPMQfyMNhhGPhUkYOs5KpL4U8rLKemX1yGLhDgUto=
golang.org/x/mod v0.2.0/go.mod h1:s0Qsj1ACt9ePp/hMypM3fl4fZqREWJwdYDEqhRiZZUA=
golang.org/x/net v0.0.0-20190404232315-eb5bcb51f2a3/go.mod h1:t9HGtf8HONx5eT2rtn7q6eTqICYqUVnKs3thJo3Qplg=
golang.org/x/net v0.0.0-20190620200207-3b0461eec859/go.mod h1:z5CRVTTTmAJ677TzLLGU+0bjPO0LkuOLi4/5GtJWs/s=
golang.org/x/net v0.0.0-20200226121028-0de0cce0169b/go.mod h1:z5CRVTTTmAJ677TzLLGU+0bjPO0LkuOLi4/5GtJWs/s=
golang.org/x/net v0.0.0-20200324143707-d3edc9973b7e h1:3G+cUijn7XD+S4eJFddp53Pv7+slrESplyjG25HgL+k=
golang.org/x/net v0.0.0-20200324143707-d3edc9973b7e/go.mod h1:qpuaurCH72eLCgpAm/N6yyVIVM9cpaDIP3A8BGJEC5A=
golang.org/x/sync v0.0.0-20190423024810-112230192c58/go.mod h1:RxMgew5VJxzue5/jJTE5uejpjVlOe/izrB70Jof72aM=
golang.org/x/sync v0.0.0-20190911185100-cd5d95a43a6e/go.mod h1:RxMgew5VJxzue5/jJTE5uejpjVlOe/izrB70Jof72aM=
golang.org/x/sync v0.0.0-20200317015054-43a5402ce75a/go.mod h1:RxMgew5VJxzue5/jJTE5uejpjVlOe/izrB70Jof72aM=
golang.org/x/sys v0.0.0-20190215142949-d0b11bdaac8a/go.mod h1:STP8DvDyc/dI5b8T5hshtkjS+E42TnysNCUPdjciGhY=
golang.org/x/sys v0.0.0-20190412213103-97732733099d/go.mod h1:h1NjWce9XRLGQEsW7wpKNCjG9DtNlClVuFLEZdDNbEs=
golang.org/x/sys v0.0.0-20200323222414-85ca7c5b95cd/go.mod h1:h1NjWce9XRLGQEsW7wpKNCjG9DtNlClVuFLEZdDNbEs=
golang.org/x/sys v0.0.0-20200327173247-9dae0f8f5775/go.mod h1:h1NjWce9XRLGQEsW7wpKNCjG9DtNlClVuFLEZdDNbEs=
golang.org/x/text v0.3.0/go.mod h1:NqM8EUOU14njkJ3fqMW+pc6Ldnwhi/IjpwHt7yyuwOQ=
golang.org/x/text v0.3.2 h1:tW2bmiBqwgJj/UpqtC8EpXEZVYOwU0yG4iWbprSVAcs=
golang.org/x/text v0.3.2/go.mod h1:bEr9sfX3Q8Zfm5fL9x+3itogRgK3+ptLWKqgva+5dAk=
golang.org/x/tools v0.0.0-20180917221912-90fa682c2a6e/go.mod h1:n7NCudcB/nEzxVGmLbDWY5pfWTLqBcC2KZ6jyYvM4mQ=
golang.org/x/tools v0.0.0-20191119224855-298f0cb1881e/go.mod h1:b+2E5dAYhXwXZwtnZ6UAqBI28+e2cm9otk0dWdXHAEo=
golang.org/x/tools v0.0.0-20200327172716-42235f63843a/go.mod h1:Sl4aGygMT6LrqrWclx+PTx3U+LnKx/seiNR+3G19Ar8=
golang.org/x/tools v0.0.0-20200327183106-8f81e2e6d478/go.mod h1:Sl4aGygMT6LrqrWclx+PTx3U+LnKx/seiNR+3G19Ar8=
golang.org/x/tools v0.0.0-20200327191553-eabff7e0449d/go.mod h1:Sl4aGygMT6LrqrWclx+PTx3U+LnKx/seiNR+3G19Ar8=
golang.org/x/tools v0.0.0-20200328031815-3db5fc6bac03/go.mod h1:Sl4aGygMT6LrqrWclx+PTx3U+LnKx/seiNR+3G19Ar8=
golang.org/x/xerrors v0.0.0-20190717185122-a985d3407aa7/go.mod h1:I/5z698sn9Ka8TeJc9MKroUUfqBBauWjQqLJ2OPfmY0=
golang.org/x/xerrors v0.0.0-20191011141410-1b5146add898/go.mod h1:I/5z698sn9Ka8TeJc9MKroUUfqBBauWjQqLJ2OPfmY0=
golang.org/x/xerrors v0.0.0-20191204190536-9bdfabe68543/go.mod h1:I/5z698sn9Ka8TeJc9MKroUUfqBBauWjQqLJ2OPfmY0=
